
Microsoft Visual Studio Solution File, Format Version 12.00
# Visual Studio Version 17
VisualStudioVersion = 17.0.32112.339
MinimumVisualStudioVersion = 10.0.40219.1
Project("{9A19103F-16F7-4668-BE54-9A1E7A4F7556}") = "VolgaIT", "VolgaIT\VolgaIT.csproj", "{7EFBC4B2-DD1E-40F4-8E6A-3788D795F139}"
EndProject
Project("{E53339B2-1760-4266-BCC7-CA923CBCF16C}") = "docker-compose", "docker-compose.dcproj", "{12452829-863E-432D-BE35-32D83BE698BD}"
EndProject
Global
	GlobalSection(SolutionConfigurationPlatforms) = preSolution
		Debug|Any CPU = Debug|Any CPU
		Release|Any CPU = Release|Any CPU
	EndGlobalSection
	GlobalSection(ProjectConfigurationPlatforms) = postSolution
		{7EFBC4B2-DD1E-40F4-8E6A-3788D795F139}.Debug|Any CPU.ActiveCfg = Debug|Any CPU
		{7EFBC4B2-DD1E-40F4-8E6A-3788D795F139}.Debug|Any CPU.Build.0 = Debug|Any CPU
		{7EFBC4B2-DD1E-40F4-8E6A-3788D795F139}.Release|Any CPU.ActiveCfg = Release|Any CPU
		{7EFBC4B2-DD1E-40F4-8E6A-3788D795F139}.Release|Any CPU.Build.0 = Release|Any CPU
		{12452829-863E-432D-BE35-32D83BE698BD}.Debug|Any CPU.ActiveCfg = Debug|Any CPU
		{12452829-863E-432D-BE35-32D83BE698BD}.Debug|Any CPU.Build.0 = Debug|Any CPU
		{12452829-863E-432D-BE35-32D83BE698BD}.Release|Any CPU.ActiveCfg = Release|Any CPU
		{12452829-863E-432D-BE35-32D83BE698BD}.Release|Any CPU.Build.0 = Release|Any CPU
	EndGlobalSection
	GlobalSection(SolutionProperties) = preSolution
		HideSolutionNode = FALSE
	EndGlobalSection
	GlobalSection(ExtensibilityGlobals) = postSolution
		SolutionGuid = {40B4FB5A-57ED-474E-9AC0-ADF4305DC6D9}
	EndGlobalSection
EndGlobal
